
Microsoft Visual Studio Solution File, Format Version 12.00
# Visual Studio Version 17
VisualStudioVersion = 17.5.33103.201
MinimumVisualStudioVersion = 10.0.40219.1
Project("{FAE04EC0-301F-11D3-BF4B-00C04F79EFBC}") = "MediaPlayer.Maui", "MediaPlayer.Maui.csproj", "{DBBE71EE-4D26-4EC6-9633-5BE3F3205D9E}"
EndProject
Global
	GlobalSection(SolutionConfigurationPlatforms) = preSolution
		Debug|Any CPU = Debug|Any CPU
		Release|Any CPU = Release|Any CPU
	EndGlobalSection
	GlobalSection(ProjectConfigurationPlatforms) = postSolution
		{DBBE71EE-4D26-4EC6-9633-5BE3F3205D9E}.Debug|Any CPU.ActiveCfg = Debug|Any CPU
		{DBBE71EE-4D26-4EC6-9633-5BE3F3205D9E}.Debug|Any CPU.Build.0 = Debug|Any CPU
		{DBBE71EE-4D26-4EC6-9633-5BE3F3205D9E}.Release|Any CPU.ActiveCfg = Release|Any CPU
		{DBBE71EE-4D26-4EC6-9633-5BE3F3205D9E}.Release|Any CPU.Build.0 = Release|Any CPU
	EndGlobalSection
	GlobalSection(SolutionProperties) = preSolution
		HideSolutionNode = FALSE
	EndGlobalSection
	GlobalSection(ExtensibilityGlobals) = postSolution
		SolutionGuid = {C7B5224F-74B6-4FE2-98D6-AEF1C2DDBF07}
	EndGlobalSection
EndGlobal
